
Microsoft Visual Studio Solution File, Format Version 12.00
# Visual Studio Version 16
VisualStudioVersion = 16.0.32510.428
MinimumVisualStudioVersion = 10.0.40219.1
Project("{FAE04EC0-301F-11D3-BF4B-00C04F79EFBC}") = "Scripts", "Scripts.csproj", "{19E4AB15-FC03-40FC-822B-364A14F1BBD4}"
EndProject
Global
	GlobalSection(SolutionConfigurationPlatforms) = preSolution
		Debug|Any CPU = Debug|Any CPU
		Release|Any CPU = Release|Any CPU
	EndGlobalSection
	GlobalSection(ProjectConfigurationPlatforms) = postSolution
		{19E4AB15-FC03-40FC-822B-364A14F1BBD4}.Debug|Any CPU.ActiveCfg = Debug|Any CPU
		{19E4AB15-FC03-40FC-822B-364A14F1BBD4}.Debug|Any CPU.Build.0 = Debug|Any CPU
		{19E4AB15-FC03-40FC-822B-364A14F1BBD4}.Release|Any CPU.ActiveCfg = Release|Any CPU
		{19E4AB15-FC03-40FC-822B-364A14F1BBD4}.Release|Any CPU.Build.0 = Release|Any CPU
	EndGlobalSection
	GlobalSection(SolutionProperties) = preSolution
		HideSolutionNode = FALSE
	EndGlobalSection
	GlobalSection(ExtensibilityGlobals) = postSolution
		SolutionGuid = {B173663C-2997-4549-8F91-16E0C69809F3}
	EndGlobalSection
EndGlobal
